<?xml version="1.0" encoding="utf-8"?>
<Project ToolsVersion="4.0" xmlns="http://schemas.microsoft.com/developer/msbuild/2003">
  <ItemGroup>
    <ClCompile Include="Antony.cpp" />
    <ClCompile Include="CalendarForm.cpp" />
    <ClCompile Include="frmLayout.cpp" />
    <ClCompile Include="frmMantTareas.cpp" />
    <ClCompile Include="frmMantUsuario.cpp" />
    <ClCompile Include="frmNotifications.cpp" />
    <ClCompile Include="frmProfile.cpp" />
    <ClCompile Include="frmRegistro.cpp" />
    <ClCompile Include="frmTalleres.cpp" />
    <ClCompile Include="LoginForm.cpp" />
    <ClCompile Include="ManagerComponentForm.cpp" />
    <ClCompile Include="RecoveryPasswordForm.cpp" />
    <ClCompile Include="SignForm.cpp" />
    <ClCompile Include="frmComponent.cpp" />
    <ClCompile Include="frmNewWorkshop.cpp" />
  </ItemGroup>
  <ItemGroup>
    <ClInclude Include="Antony.h" />
    <ClInclude Include="CalendarForm.h" />
    <ClInclude Include="frmLayout.h" />
    <ClInclude Include="frmMantTareas.h" />
    <ClInclude Include="frmMantUsuario.h" />
    <ClInclude Include="frmNotifications.h" />
    <ClInclude Include="frmProfile.h" />
    <ClInclude Include="frmRegistro.h" />
    <ClInclude Include="Header.h" />
    <ClInclude Include="LoginForm.h" />
    <ClInclude Include="ManagerComponentForm.h" />
    <ClInclude Include="RecoveryPasswordForm.h" />
    <ClInclude Include="SignForm.h" />
    <ClInclude Include="frmTalleres.h" />
    <ClInclude Include="frmComponent.h" />
    <ClInclude Include="frmNewWorkshop.h" />
  </ItemGroup>
</Project>